
Microsoft Visual Studio Solution File, Format Version 11.00
# Visual Studio 2010
Project("{FAE04EC0-301F-11D3-BF4B-00C04F79EFBC}") = "QuickAction3Dnet", "QuickAction3Dnet\QuickAction3Dnet.csproj", "{C5D2D902-6BCA-47AF-A2A8-D4A4933E6805}"
EndProject
Project("{FAE04EC0-301F-11D3-BF4B-00C04F79EFBC}") = "QuickAction3DnetExample", "QuickAction3DnetExample\QuickAction3DnetExample.csproj", "{38180807-2128-448E-9221-4E8C7E7417C8}"
EndProject
Global
	GlobalSection(SolutionConfigurationPlatforms) = preSolution
		Debug|Any CPU = Debug|Any CPU
		Release|Any CPU = Release|Any CPU
	EndGlobalSection
	GlobalSection(ProjectConfigurationPlatforms) = postSolution
		{38180807-2128-448E-9221-4E8C7E7417C8}.Debug|Any CPU.ActiveCfg = Debug|Any CPU
		{38180807-2128-448E-9221-4E8C7E7417C8}.Debug|Any CPU.Build.0 = Debug|Any CPU
		{38180807-2128-448E-9221-4E8C7E7417C8}.Release|Any CPU.ActiveCfg = Release|Any CPU
		{38180807-2128-448E-9221-4E8C7E7417C8}.Release|Any CPU.Build.0 = Release|Any CPU
		{C5D2D902-6BCA-47AF-A2A8-D4A4933E6805}.Debug|Any CPU.ActiveCfg = Debug|Any CPU
		{C5D2D902-6BCA-47AF-A2A8-D4A4933E6805}.Debug|Any CPU.Build.0 = Debug|Any CPU
		{C5D2D902-6BCA-47AF-A2A8-D4A4933E6805}.Release|Any CPU.ActiveCfg = Release|Any CPU
		{C5D2D902-6BCA-47AF-A2A8-D4A4933E6805}.Release|Any CPU.Build.0 = Release|Any CPU
	EndGlobalSection
	GlobalSection(MonoDevelopProperties) = preSolution
		StartupItem = QuickAction3DnetExample\QuickAction3DnetExample.csproj
	EndGlobalSection
EndGlobal
